# This file is autogenerated, do not edit; changes may be undone by the next 'dep ensure'.


[[projects]]
  digest = "1:9f3b30d9f8e0d7040f729b82dcbc8f0dead820a133b3147ce355fc451f32d761"
  name = "github.com/BurntSushi/toml"
  packages = ["."]
  pruneopts = "UT"
  revision = "3012a1dbe2e4bd1391d42b32f0577cb7bbc7f005"
  version = "v0.3.1"

[[projects]]
  digest = "1:bc35ac5e7bdb176249a6ed5b44e858740b28454d458bb1a4a350bea2df7b5b14"
  name = "github.com/sclevine/agouti"
  packages = [
    ".",
    "api",
    "api/internal/bus",
    "api/internal/service",
    "internal/element",
    "internal/target",
  ]
  pruneopts = "UT"
  revision = "e3f6c97a4077ad821daab49db8172cf9f6690faf"
  version = "v3.0.0"

[solve-meta]
  analyzer-name = "dep"
  analyzer-version = 1
  input-imports = [
    "github.com/BurntSushi/toml",
    "github.com/sclevine/agouti",
  ]
  solver-name = "gps-cdcl"
  solver-version = 1
