# This file is autogenerated, do not edit; changes may be undone by the next 'dep ensure'.


[[projects]]
  digest = "1:9f3b30d9f8e0d7040f729b82dcbc8f0dead820a133b3147ce355fc451f32d761"
  name = "github.com/BurntSushi/toml"
  packages = ["."]
  pruneopts = "UT"
  revision = "3012a1dbe2e4bd1391d42b32f0577cb7bbc7f005"
  version = "v0.3.1"

[[projects]]
  digest = "1:31e761d97c76151dde79e9d28964a812c46efc5baee4085b86f68f0c654450de"
  name = "github.com/konsorten/go-windows-terminal-sequences"
  packages = ["."]
  pruneopts = "UT"
  revision = "f55edac94c9bbba5d6182a4be46d86a2c9b5b50e"
  version = "v1.0.2"

[[projects]]
  digest = "1:bc35ac5e7bdb176249a6ed5b44e858740b28454d458bb1a4a350bea2df7b5b14"
  name = "github.com/sclevine/agouti"
  packages = [
    ".",
    "api",
    "api/internal/bus",
    "api/internal/service",
    "internal/element",
    "internal/target",
  ]
  pruneopts = "UT"
  revision = "e3f6c97a4077ad821daab49db8172cf9f6690faf"
  version = "v3.0.0"

[[projects]]
  digest = "1:fd61cf4ae1953d55df708acb6b91492d538f49c305b364a014049914495db426"
  name = "github.com/sirupsen/logrus"
  packages = ["."]
  pruneopts = "UT"
  revision = "8bdbc7bcc01dcbb8ec23dc8a28e332258d25251f"
  version = "v1.4.1"

[[projects]]
  branch = "master"
  digest = "1:157e5158a7f29d6633eed502880463aa43de3c36d451c7051591efd12f455ac8"
  name = "golang.org/x/sys"
  packages = ["unix"]
  pruneopts = "UT"
  revision = "a129542de9ae0895210abff9c95d67a1f33cb93d"

[solve-meta]
  analyzer-name = "dep"
  analyzer-version = 1
  input-imports = [
    "github.com/BurntSushi/toml",
    "github.com/sclevine/agouti",
    "github.com/sirupsen/logrus",
  ]
  solver-name = "gps-cdcl"
  solver-version = 1
